// !$*UTF8*$!
{
	archiveVersion = 1;
	classes = {
	};
	objectVersion = 51;
	objects = {

/* Begin PBXBuildFile section */
		450A20B323454B560025D8A7 /* JSON+Decode.swift in Sources */ = {isa = PBXBuildFile; fileRef = 450A20B223454B560025D8A7 /* JSON+Decode.swift */; };
		450A20B523454B7B0025D8A7 /* mock_page_1.json in Resources */ = {isa = PBXBuildFile; fileRef = 450A20B423454B7B0025D8A7 /* mock_page_1.json */; };
		456F3790233EC06B0047FD18 /* AppDelegate.swift in Sources */ = {isa = PBXBuildFile; fileRef = 456F378F233EC06B0047FD18 /* AppDelegate.swift */; };
		456F3799233EC06C0047FD18 /* Assets.xcassets in Resources */ = {isa = PBXBuildFile; fileRef = 456F3798233EC06C0047FD18 /* Assets.xcassets */; };
		456F379C233EC06C0047FD18 /* LaunchScreen.storyboard in Resources */ = {isa = PBXBuildFile; fileRef = 456F379A233EC06C0047FD18 /* LaunchScreen.storyboard */; };
		456F37A7233EC06C0047FD18 /* GithubSwiftReposTests.swift in Sources */ = {isa = PBXBuildFile; fileRef = 456F37A6233EC06C0047FD18 /* GithubSwiftReposTests.swift */; };
		456F37C2233EC1530047FD18 /* RepoItemTableViewCell.swift in Sources */ = {isa = PBXBuildFile; fileRef = 456F37C1233EC1530047FD18 /* RepoItemTableViewCell.swift */; };
		456F37C4233EC1760047FD18 /* ViewCode.swift in Sources */ = {isa = PBXBuildFile; fileRef = 456F37C3233EC1760047FD18 /* ViewCode.swift */; };
		456F37C7233EC2790047FD18 /* RepoListView.swift in Sources */ = {isa = PBXBuildFile; fileRef = 456F37C6233EC2790047FD18 /* RepoListView.swift */; };
		456F37CA233EC2D50047FD18 /* RepoListViewController.swift in Sources */ = {isa = PBXBuildFile; fileRef = 456F37C9233EC2D50047FD18 /* RepoListViewController.swift */; };
		456F37CD233EC5160047FD18 /* Repo.swift in Sources */ = {isa = PBXBuildFile; fileRef = 456F37CC233EC5160047FD18 /* Repo.swift */; };
		456F37CF233EC5710047FD18 /* RepoList.swift in Sources */ = {isa = PBXBuildFile; fileRef = 456F37CE233EC5710047FD18 /* RepoList.swift */; };
		456F37D1233EC5A60047FD18 /* Owner.swift in Sources */ = {isa = PBXBuildFile; fileRef = 456F37D0233EC5A60047FD18 /* Owner.swift */; };
		456F37D4233ECBA00047FD18 /* UIImageView+AsyncLoading.swift in Sources */ = {isa = PBXBuildFile; fileRef = 456F37D3233ECBA00047FD18 /* UIImageView+AsyncLoading.swift */; };
		456F38162342C3350047FD18 /* FetchListRepository.swift in Sources */ = {isa = PBXBuildFile; fileRef = 456F38152342C3350047FD18 /* FetchListRepository.swift */; };
		456F38182342C6C90047FD18 /* RepoListViewModel.swift in Sources */ = {isa = PBXBuildFile; fileRef = 456F38172342C6C90047FD18 /* RepoListViewModel.swift */; };
		45819EC32342CDD4002A7F13 /* RepoTableViewDataSource.swift in Sources */ = {isa = PBXBuildFile; fileRef = 45819EC22342CDD4002A7F13 /* RepoTableViewDataSource.swift */; };
		45D98BA123455D12007FBE47 /* GithubSwiftRepoSnapshotTests.swift in Sources */ = {isa = PBXBuildFile; fileRef = 45D98BA023455D12007FBE47 /* GithubSwiftRepoSnapshotTests.swift */; };
		52899DE6F8CF7AAE2757D312 /* Pods_GithubSwiftRepos.framework in Frameworks */ = {isa = PBXBuildFile; fileRef = C96FA312B805571DCE2DA3F6 /* Pods_GithubSwiftRepos.framework */; };
		B1D15F0D140E720C9DFD16B8 /* Pods_GithubSwiftReposTests.framework in Frameworks */ = {isa = PBXBuildFile; fileRef = 80C9D7AD6EEE51A8423CCFC0 /* Pods_GithubSwiftReposTests.framework */; };
/* End PBXBuildFile section */

/* Begin PBXContainerItemProxy section */
		456F37A3233EC06C0047FD18 /* PBXContainerItemProxy */ = {
			isa = PBXContainerItemProxy;
			containerPortal = 456F3784233EC06B0047FD18 /* Project object */;
			proxyType = 1;
			remoteGlobalIDString = 456F378B233EC06B0047FD18;
			remoteInfo = GithubSwiftRepos;
		};
/* End PBXContainerItemProxy section */

/* Begin PBXFileReference section */
		0F4D90E76F435E55C35FEC50 /* Pods-GithubSwiftReposTests.debug.xcconfig */ = {isa = PBXFileReference; includeInIndex = 1; lastKnownFileType = text.xcconfig; name = "Pods-GithubSwiftReposTests.debug.xcconfig"; path = "Target Support Files/Pods-GithubSwiftReposTests/Pods-GithubSwiftReposTests.debug.xcconfig"; sourceTree = "<group>"; };
		3310A5D9A06571EC31EECC19 /* Pods_GithubSwiftRepos_GithubSwiftReposUITests.framework */ = {isa = PBXFileReference; explicitFileType = wrapper.framework; includeInIndex = 0; path = Pods_GithubSwiftRepos_GithubSwiftReposUITests.framework; sourceTree = BUILT_PRODUCTS_DIR; };
		450A20B223454B560025D8A7 /* JSON+Decode.swift */ = {isa = PBXFileReference; lastKnownFileType = sourcecode.swift; path = "JSON+Decode.swift"; sourceTree = "<group>"; };
		450A20B423454B7B0025D8A7 /* mock_page_1.json */ = {isa = PBXFileReference; fileEncoding = 4; lastKnownFileType = text.json; path = mock_page_1.json; sourceTree = "<group>"; };
		456F378C233EC06B0047FD18 /* GithubSwiftRepos.app */ = {isa = PBXFileReference; explicitFileType = wrapper.application; includeInIndex = 0; path = GithubSwiftRepos.app; sourceTree = BUILT_PRODUCTS_DIR; };
		456F378F233EC06B0047FD18 /* AppDelegate.swift */ = {isa = PBXFileReference; lastKnownFileType = sourcecode.swift; path = AppDelegate.swift; sourceTree = "<group>"; };
		456F3798233EC06C0047FD18 /* Assets.xcassets */ = {isa = PBXFileReference; lastKnownFileType = folder.assetcatalog; path = Assets.xcassets; sourceTree = "<group>"; };
		456F379B233EC06C0047FD18 /* Base */ = {isa = PBXFileReference; lastKnownFileType = file.storyboard; name = Base; path = Base.lproj/LaunchScreen.storyboard; sourceTree = "<group>"; };
		456F379D233EC06C0047FD18 /* Info.plist */ = {isa = PBXFileReference; lastKnownFileType = text.plist.xml; path = Info.plist; sourceTree = "<group>"; };
		456F37A2233EC06C0047FD18 /* GithubSwiftReposTests.xctest */ = {isa = PBXFileReference; explicitFileType = wrapper.cfbundle; includeInIndex = 0; path = GithubSwiftReposTests.xctest; sourceTree = BUILT_PRODUCTS_DIR; };
		456F37A6233EC06C0047FD18 /* GithubSwiftReposTests.swift */ = {isa = PBXFileReference; lastKnownFileType = sourcecode.swift; path = GithubSwiftReposTests.swift; sourceTree = "<group>"; };
		456F37A8233EC06C0047FD18 /* Info.plist */ = {isa = PBXFileReference; lastKnownFileType = text.plist.xml; path = Info.plist; sourceTree = "<group>"; };
		456F37C1233EC1530047FD18 /* RepoItemTableViewCell.swift */ = {isa = PBXFileReference; lastKnownFileType = sourcecode.swift; path = RepoItemTableViewCell.swift; sourceTree = "<group>"; };
		456F37C3233EC1760047FD18 /* ViewCode.swift */ = {isa = PBXFileReference; lastKnownFileType = sourcecode.swift; path = ViewCode.swift; sourceTree = "<group>"; };
		456F37C6233EC2790047FD18 /* RepoListView.swift */ = {isa = PBXFileReference; lastKnownFileType = sourcecode.swift; path = RepoListView.swift; sourceTree = "<group>"; };
		456F37C9233EC2D50047FD18 /* RepoListViewController.swift */ = {isa = PBXFileReference; lastKnownFileType = sourcecode.swift; path = RepoListViewController.swift; sourceTree = "<group>"; };
		456F37CC233EC5160047FD18 /* Repo.swift */ = {isa = PBXFileReference; lastKnownFileType = sourcecode.swift; path = Repo.swift; sourceTree = "<group>"; };
		456F37CE233EC5710047FD18 /* RepoList.swift */ = {isa = PBXFileReference; lastKnownFileType = sourcecode.swift; path = RepoList.swift; sourceTree = "<group>"; };
		456F37D0233EC5A60047FD18 /* Owner.swift */ = {isa = PBXFileReference; lastKnownFileType = sourcecode.swift; path = Owner.swift; sourceTree = "<group>"; };
		456F37D3233ECBA00047FD18 /* UIImageView+AsyncLoading.swift */ = {isa = PBXFileReference; lastKnownFileType = sourcecode.swift; path = "UIImageView+AsyncLoading.swift"; sourceTree = "<group>"; };
		456F38152342C3350047FD18 /* FetchListRepository.swift */ = {isa = PBXFileReference; lastKnownFileType = sourcecode.swift; path = FetchListRepository.swift; sourceTree = "<group>"; };
		456F38172342C6C90047FD18 /* RepoListViewModel.swift */ = {isa = PBXFileReference; lastKnownFileType = sourcecode.swift; path = RepoListViewModel.swift; sourceTree = "<group>"; };
		45819EC22342CDD4002A7F13 /* RepoTableViewDataSource.swift */ = {isa = PBXFileReference; lastKnownFileType = sourcecode.swift; path = RepoTableViewDataSource.swift; sourceTree = "<group>"; };
		45D98BA023455D12007FBE47 /* GithubSwiftRepoSnapshotTests.swift */ = {isa = PBXFileReference; lastKnownFileType = sourcecode.swift; path = GithubSwiftRepoSnapshotTests.swift; sourceTree = "<group>"; };
		56B30DE8147589CD56462E03 /* Pods-GithubSwiftRepos.release.xcconfig */ = {isa = PBXFileReference; includeInIndex = 1; lastKnownFileType = text.xcconfig; name = "Pods-GithubSwiftRepos.release.xcconfig"; path = "Target Support Files/Pods-GithubSwiftRepos/Pods-GithubSwiftRepos.release.xcconfig"; sourceTree = "<group>"; };
		80C9D7AD6EEE51A8423CCFC0 /* Pods_GithubSwiftReposTests.framework */ = {isa = PBXFileReference; explicitFileType = wrapper.framework; includeInIndex = 0; path = Pods_GithubSwiftReposTests.framework; sourceTree = BUILT_PRODUCTS_DIR; };
		B3416CD0D0F1F80A2043F475 /* Pods-GithubSwiftRepos.debug.xcconfig */ = {isa = PBXFileReference; includeInIndex = 1; lastKnownFileType = text.xcconfig; name = "Pods-GithubSwiftRepos.debug.xcconfig"; path = "Target Support Files/Pods-GithubSwiftRepos/Pods-GithubSwiftRepos.debug.xcconfig"; sourceTree = "<group>"; };
		C96FA312B805571DCE2DA3F6 /* Pods_GithubSwiftRepos.framework */ = {isa = PBXFileReference; explicitFileType = wrapper.framework; includeInIndex = 0; path = Pods_GithubSwiftRepos.framework; sourceTree = BUILT_PRODUCTS_DIR; };
		CB36FAB3AA8A433757EA1257 /* Pods-GithubSwiftRepos-GithubSwiftReposUITests.debug.xcconfig */ = {isa = PBXFileReference; includeInIndex = 1; lastKnownFileType = text.xcconfig; name = "Pods-GithubSwiftRepos-GithubSwiftReposUITests.debug.xcconfig"; path = "Target Support Files/Pods-GithubSwiftRepos-GithubSwiftReposUITests/Pods-GithubSwiftRepos-GithubSwiftReposUITests.debug.xcconfig"; sourceTree = "<group>"; };
		DA058659627D089FF3C2CC9D /* Pods-GithubSwiftRepos-GithubSwiftReposUITests.release.xcconfig */ = {isa = PBXFileReference; includeInIndex = 1; lastKnownFileType = text.xcconfig; name = "Pods-GithubSwiftRepos-GithubSwiftReposUITests.release.xcconfig"; path = "Target Support Files/Pods-GithubSwiftRepos-GithubSwiftReposUITests/Pods-GithubSwiftRepos-GithubSwiftReposUITests.release.xcconfig"; sourceTree = "<group>"; };
		F45A2A51BDB5C101F05869E4 /* Pods-GithubSwiftReposTests.release.xcconfig */ = {isa = PBXFileReference; includeInIndex = 1; lastKnownFileType = text.xcconfig; name = "Pods-GithubSwiftReposTests.release.xcconfig"; path = "Target Support Files/Pods-GithubSwiftReposTests/Pods-GithubSwiftReposTests.release.xcconfig"; sourceTree = "<group>"; };
/* End PBXFileReference section */

/* Begin PBXFrameworksBuildPhase section */
		456F3789233EC06B0047FD18 /* Frameworks */ = {
			isa = PBXFrameworksBuildPhase;
			buildActionMask = 2147483647;
			files = (
				52899DE6F8CF7AAE2757D312 /* Pods_GithubSwiftRepos.framework in Frameworks */,
			);
			runOnlyForDeploymentPostprocessing = 0;
		};
		456F379F233EC06C0047FD18 /* Frameworks */ = {
			isa = PBXFrameworksBuildPhase;
			buildActionMask = 2147483647;
			files = (
				B1D15F0D140E720C9DFD16B8 /* Pods_GithubSwiftReposTests.framework in Frameworks */,
			);
			runOnlyForDeploymentPostprocessing = 0;
		};
/* End PBXFrameworksBuildPhase section */

/* Begin PBXGroup section */
		05360F1941590CE06A28A246 /* Frameworks */ = {
			isa = PBXGroup;
			children = (
				C96FA312B805571DCE2DA3F6 /* Pods_GithubSwiftRepos.framework */,
				3310A5D9A06571EC31EECC19 /* Pods_GithubSwiftRepos_GithubSwiftReposUITests.framework */,
				80C9D7AD6EEE51A8423CCFC0 /* Pods_GithubSwiftReposTests.framework */,
			);
			name = Frameworks;
			sourceTree = "<group>";
		};
		450A20B623454B7E0025D8A7 /* Mocks */ = {
			isa = PBXGroup;
			children = (
				450A20B223454B560025D8A7 /* JSON+Decode.swift */,
				450A20B423454B7B0025D8A7 /* mock_page_1.json */,
			);
			path = Mocks;
			sourceTree = "<group>";
		};
		456F3783233EC06B0047FD18 = {
			isa = PBXGroup;
			children = (
				456F378E233EC06B0047FD18 /* GithubSwiftRepos */,
				456F37A5233EC06C0047FD18 /* GithubSwiftReposTests */,
				456F378D233EC06B0047FD18 /* Products */,
				9F03309E7BA45B24E5A854A6 /* Pods */,
				05360F1941590CE06A28A246 /* Frameworks */,
			);
			sourceTree = "<group>";
		};
		456F378D233EC06B0047FD18 /* Products */ = {
			isa = PBXGroup;
			children = (
				456F378C233EC06B0047FD18 /* GithubSwiftRepos.app */,
				456F37A2233EC06C0047FD18 /* GithubSwiftReposTests.xctest */,
			);
			name = Products;
			sourceTree = "<group>";
		};
		456F378E233EC06B0047FD18 /* GithubSwiftRepos */ = {
			isa = PBXGroup;
			children = (
				456F378F233EC06B0047FD18 /* AppDelegate.swift */,
				456F37C8233EC2B30047FD18 /* RepoListScene */,
				456F37C0233EC0FA0047FD18 /* Utils */,
				456F37D2233ECB840047FD18 /* Extensions */,
				456F37CB233EC50D0047FD18 /* Model */,
				456F37C5233EC2570047FD18 /* Resources */,
			);
			path = GithubSwiftRepos;
			sourceTree = "<group>";
		};
		456F37A5233EC06C0047FD18 /* GithubSwiftReposTests */ = {
			isa = PBXGroup;
			children = (
				450A20B623454B7E0025D8A7 /* Mocks */,
				456F37A6233EC06C0047FD18 /* GithubSwiftReposTests.swift */,
				45D98BA023455D12007FBE47 /* GithubSwiftRepoSnapshotTests.swift */,
				456F37A8233EC06C0047FD18 /* Info.plist */,
			);
			path = GithubSwiftReposTests;
			sourceTree = "<group>";
		};
		456F37C0233EC0FA0047FD18 /* Utils */ = {
			isa = PBXGroup;
			children = (
				456F37C3233EC1760047FD18 /* ViewCode.swift */,
			);
			path = Utils;
			sourceTree = "<group>";
		};
		456F37C5233EC2570047FD18 /* Resources */ = {
			isa = PBXGroup;
			children = (
				456F379D233EC06C0047FD18 /* Info.plist */,
				456F379A233EC06C0047FD18 /* LaunchScreen.storyboard */,
				456F3798233EC06C0047FD18 /* Assets.xcassets */,
			);
			path = Resources;
			sourceTree = "<group>";
		};
		456F37C8233EC2B30047FD18 /* RepoListScene */ = {
			isa = PBXGroup;
			children = (
				45819EC82342CFBC002A7F13 /* Repository */,
				45819EC72342CFB7002A7F13 /* ViewModel */,
				45819EC62342CFB0002A7F13 /* View */,
			);
			path = RepoListScene;
			sourceTree = "<group>";
		};
		456F37CB233EC50D0047FD18 /* Model */ = {
			isa = PBXGroup;
			children = (
				456F37CE233EC5710047FD18 /* RepoList.swift */,
				456F37CC233EC5160047FD18 /* Repo.swift */,
				456F37D0233EC5A60047FD18 /* Owner.swift */,
			);
			path = Model;
			sourceTree = "<group>";
		};
		456F37D2233ECB840047FD18 /* Extensions */ = {
			isa = PBXGroup;
			children = (
				456F37D3233ECBA00047FD18 /* UIImageView+AsyncLoading.swift */,
			);
			path = Extensions;
			sourceTree = "<group>";
		};
		45819EC62342CFB0002A7F13 /* View */ = {
			isa = PBXGroup;
			children = (
				456F37C9233EC2D50047FD18 /* RepoListViewController.swift */,
				456F37C6233EC2790047FD18 /* RepoListView.swift */,
				456F37C1233EC1530047FD18 /* RepoItemTableViewCell.swift */,
			);
			path = View;
			sourceTree = "<group>";
		};
		45819EC72342CFB7002A7F13 /* ViewModel */ = {
			isa = PBXGroup;
			children = (
				456F38172342C6C90047FD18 /* RepoListViewModel.swift */,
				45819EC22342CDD4002A7F13 /* RepoTableViewDataSource.swift */,
			);
			path = ViewModel;
			sourceTree = "<group>";
		};
		45819EC82342CFBC002A7F13 /* Repository */ = {
			isa = PBXGroup;
			children = (
				456F38152342C3350047FD18 /* FetchListRepository.swift */,
			);
			path = Repository;
			sourceTree = "<group>";
		};
		9F03309E7BA45B24E5A854A6 /* Pods */ = {
			isa = PBXGroup;
			children = (
				B3416CD0D0F1F80A2043F475 /* Pods-GithubSwiftRepos.debug.xcconfig */,
				56B30DE8147589CD56462E03 /* Pods-GithubSwiftRepos.release.xcconfig */,
				CB36FAB3AA8A433757EA1257 /* Pods-GithubSwiftRepos-GithubSwiftReposUITests.debug.xcconfig */,
				DA058659627D089FF3C2CC9D /* Pods-GithubSwiftRepos-GithubSwiftReposUITests.release.xcconfig */,
				0F4D90E76F435E55C35FEC50 /* Pods-GithubSwiftReposTests.debug.xcconfig */,
				F45A2A51BDB5C101F05869E4 /* Pods-GithubSwiftReposTests.release.xcconfig */,
			);
			path = Pods;
			sourceTree = "<group>";
		};
/* End PBXGroup section */

/* Begin PBXNativeTarget section */
		456F378B233EC06B0047FD18 /* GithubSwiftRepos */ = {
			isa = PBXNativeTarget;
			buildConfigurationList = 456F37B6233EC06C0047FD18 /* Build configuration list for PBXNativeTarget "GithubSwiftRepos" */;
			buildPhases = (
				EC295BE57D3BFB5B509F7708 /* [CP] Check Pods Manifest.lock */,
				456F3788233EC06B0047FD18 /* Sources */,
				456F3789233EC06B0047FD18 /* Frameworks */,
				456F378A233EC06B0047FD18 /* Resources */,
				FBED438853F1AEBDA653D588 /* [CP] Embed Pods Frameworks */,
			);
			buildRules = (
			);
			dependencies = (
			);
			name = GithubSwiftRepos;
			productName = GithubSwiftRepos;
			productReference = 456F378C233EC06B0047FD18 /* GithubSwiftRepos.app */;
			productType = "com.apple.product-type.application";
		};
		456F37A1233EC06C0047FD18 /* GithubSwiftReposTests */ = {
			isa = PBXNativeTarget;
			buildConfigurationList = 456F37B9233EC06C0047FD18 /* Build configuration list for PBXNativeTarget "GithubSwiftReposTests" */;
			buildPhases = (
				ED7675F6E1818E2BA99170D2 /* [CP] Check Pods Manifest.lock */,
				456F379E233EC06C0047FD18 /* Sources */,
				456F379F233EC06C0047FD18 /* Frameworks */,
				456F37A0233EC06C0047FD18 /* Resources */,
			);
			buildRules = (
			);
			dependencies = (
				456F37A4233EC06C0047FD18 /* PBXTargetDependency */,
			);
			name = GithubSwiftReposTests;
			productName = GithubSwiftReposTests;
			productReference = 456F37A2233EC06C0047FD18 /* GithubSwiftReposTests.xctest */;
			productType = "com.apple.product-type.bundle.unit-test";
		};
/* End PBXNativeTarget section */

/* Begin PBXProject section */
		456F3784233EC06B0047FD18 /* Project object */ = {
			isa = PBXProject;
			attributes = {
				LastSwiftUpdateCheck = 1100;
				LastUpgradeCheck = 1100;
				ORGANIZATIONNAME = JGBrittoS;
				TargetAttributes = {
					456F378B233EC06B0047FD18 = {
						CreatedOnToolsVersion = 11.0;
					};
					456F37A1233EC06C0047FD18 = {
						CreatedOnToolsVersion = 11.0;
						TestTargetID = 456F378B233EC06B0047FD18;
					};
				};
			};
			buildConfigurationList = 456F3787233EC06B0047FD18 /* Build configuration list for PBXProject "GithubSwiftRepos" */;
			compatibilityVersion = "Xcode 9.3";
			developmentRegion = en;
			hasScannedForEncodings = 0;
			knownRegions = (
				en,
				Base,
			);
			mainGroup = 456F3783233EC06B0047FD18;
			productRefGroup = 456F378D233EC06B0047FD18 /* Products */;
			projectDirPath = "";
			projectRoot = "";
			targets = (
				456F378B233EC06B0047FD18 /* GithubSwiftRepos */,
				456F37A1233EC06C0047FD18 /* GithubSwiftReposTests */,
			);
		};
/* End PBXProject section */

/* Begin PBXResourcesBuildPhase section */
		456F378A233EC06B0047FD18 /* Resources */ = {
			isa = PBXResourcesBuildPhase;
			buildActionMask = 2147483647;
			files = (
				456F379C233EC06C0047FD18 /* LaunchScreen.storyboard in Resources */,
				456F3799233EC06C0047FD18 /* Assets.xcassets in Resources */,
			);
			runOnlyForDeploymentPostprocessing = 0;
		};
		456F37A0233EC06C0047FD18 /* Resources */ = {
			isa = PBXResourcesBuildPhase;
			buildActionMask = 2147483647;
			files = (
				450A20B523454B7B0025D8A7 /* mock_page_1.json in Resources */,
			);
			runOnlyForDeploymentPostprocessing = 0;
		};
/* End PBXResourcesBuildPhase section */

/* Begin PBXShellScriptBuildPhase section */
		EC295BE57D3BFB5B509F7708 /* [CP] Check Pods Manifest.lock */ = {
			isa = PBXShellScriptBuildPhase;
			buildActionMask = 2147483647;
			files = (
			);
			inputFileListPaths = (
			);
			inputPaths = (
				"${PODS_PODFILE_DIR_PATH}/Podfile.lock",
				"${PODS_ROOT}/Manifest.lock",
			);
			name = "[CP] Check Pods Manifest.lock";
			outputFileListPaths = (
			);
			outputPaths = (
				"$(DERIVED_FILE_DIR)/Pods-GithubSwiftRepos-checkManifestLockResult.txt",
			);
			runOnlyForDeploymentPostprocessing = 0;
			shellPath = /bin/sh;
			shellScript = "diff \"${PODS_PODFILE_DIR_PATH}/Podfile.lock\" \"${PODS_ROOT}/Manifest.lock\" > /dev/null\nif [ $? != 0 ] ; then\n    # print error to STDERR\n    echo \"error: The sandbox is not in sync with the Podfile.lock. Run 'pod install' or update your CocoaPods installation.\" >&2\n    exit 1\nfi\n# This output is used by Xcode 'outputs' to avoid re-running this script phase.\necho \"SUCCESS\" > \"${SCRIPT_OUTPUT_FILE_0}\"\n";
			showEnvVarsInLog = 0;
		};
		ED7675F6E1818E2BA99170D2 /* [CP] Check Pods Manifest.lock */ = {
			isa = PBXShellScriptBuildPhase;
			buildActionMask = 2147483647;
			files = (
			);
			inputFileListPaths = (
			);
			inputPaths = (
				"${PODS_PODFILE_DIR_PATH}/Podfile.lock",
				"${PODS_ROOT}/Manifest.lock",
			);
			name = "[CP] Check Pods Manifest.lock";
			outputFileListPaths = (
			);
			outputPaths = (
				"$(DERIVED_FILE_DIR)/Pods-GithubSwiftReposTests-checkManifestLockResult.txt",
			);
			runOnlyForDeploymentPostprocessing = 0;
			shellPath = /bin/sh;
			shellScript = "diff \"${PODS_PODFILE_DIR_PATH}/Podfile.lock\" \"${PODS_ROOT}/Manifest.lock\" > /dev/null\nif [ $? != 0 ] ; then\n    # print error to STDERR\n    echo \"error: The sandbox is not in sync with the Podfile.lock. Run 'pod install' or update your CocoaPods installation.\" >&2\n    exit 1\nfi\n# This output is used by Xcode 'outputs' to avoid re-running this script phase.\necho \"SUCCESS\" > \"${SCRIPT_OUTPUT_FILE_0}\"\n";
			showEnvVarsInLog = 0;
		};
		FBED438853F1AEBDA653D588 /* [CP] Embed Pods Frameworks */ = {
			isa = PBXShellScriptBuildPhase;
			buildActionMask = 2147483647;
			files = (
			);
			inputFileListPaths = (
				"${PODS_ROOT}/Target Support Files/Pods-GithubSwiftRepos/Pods-GithubSwiftRepos-frameworks-${CONFIGURATION}-input-files.xcfilelist",
			);
			name = "[CP] Embed Pods Frameworks";
			outputFileListPaths = (
				"${PODS_ROOT}/Target Support Files/Pods-GithubSwiftRepos/Pods-GithubSwiftRepos-frameworks-${CONFIGURATION}-output-files.xcfilelist",
			);
			runOnlyForDeploymentPostprocessing = 0;
			shellPath = /bin/sh;
			shellScript = "\"${PODS_ROOT}/Target Support Files/Pods-GithubSwiftRepos/Pods-GithubSwiftRepos-frameworks.sh\"\n";
			showEnvVarsInLog = 0;
		};
/* End PBXShellScriptBuildPhase section */

/* Begin PBXSourcesBuildPhase section */
		456F3788233EC06B0047FD18 /* Sources */ = {
			isa = PBXSourcesBuildPhase;
			buildActionMask = 2147483647;
			files = (
				456F37CF233EC5710047FD18 /* RepoList.swift in Sources */,
				456F37D1233EC5A60047FD18 /* Owner.swift in Sources */,
				456F3790233EC06B0047FD18 /* AppDelegate.swift in Sources */,
				456F37C2233EC1530047FD18 /* RepoItemTableViewCell.swift in Sources */,
				45819EC32342CDD4002A7F13 /* RepoTableViewDataSource.swift in Sources */,
				456F37CA233EC2D50047FD18 /* RepoListViewController.swift in Sources */,
				456F37CD233EC5160047FD18 /* Repo.swift in Sources */,
				456F37C7233EC2790047FD18 /* RepoListView.swift in Sources */,
				456F38182342C6C90047FD18 /* RepoListViewModel.swift in Sources */,
				456F37C4233EC1760047FD18 /* ViewCode.swift in Sources */,
				456F37D4233ECBA00047FD18 /* UIImageView+AsyncLoading.swift in Sources */,
				456F38162342C3350047FD18 /* FetchListRepository.swift in Sources */,
			);
			runOnlyForDeploymentPostprocessing = 0;
		};
		456F379E233EC06C0047FD18 /* Sources */ = {
			isa = PBXSourcesBuildPhase;
			buildActionMask = 2147483647;
			files = (
				456F37A7233EC06C0047FD18 /* GithubSwiftReposTests.swift in Sources */,
				45D98BA123455D12007FBE47 /* GithubSwiftRepoSnapshotTests.swift in Sources */,
				450A20B323454B560025D8A7 /* JSON+Decode.swift in Sources */,
			);
			runOnlyForDeploymentPostprocessing = 0;
		};
/* End PBXSourcesBuildPhase section */

/* Begin PBXTargetDependency section */
		456F37A4233EC06C0047FD18 /* PBXTargetDependency */ = {
			isa = PBXTargetDependency;
			target = 456F378B233EC06B0047FD18 /* GithubSwiftRepos */;
			targetProxy = 456F37A3233EC06C0047FD18 /* PBXContainerItemProxy */;
		};
/* End PBXTargetDependency section */

/* Begin PBXVariantGroup section */
		456F379A233EC06C0047FD18 /* LaunchScreen.storyboard */ = {
			isa = PBXVariantGroup;
			children = (
				456F379B233EC06C0047FD18 /* Base */,
			);
			name = LaunchScreen.storyboard;
			sourceTree = "<group>";
		};
/* End PBXVariantGroup section */

/* Begin XCBuildConfiguration section */
		456F37B4233EC06C0047FD18 /* Debug */ = {
			isa = XCBuildConfiguration;
			buildSettings = {
				ALWAYS_SEARCH_USER_PATHS = NO;
				CLANG_ANALYZER_NONNULL = YES;
				CLANG_ANALYZER_NUMBER_OBJECT_CONVERSION = YES_AGGRESSIVE;
				CLANG_CXX_LANGUAGE_STANDARD = "gnu++14";
				CLANG_CXX_LIBRARY = "libc++";
				CLANG_ENABLE_MODULES = YES;
				CLANG_ENABLE_OBJC_ARC = YES;
				CLANG_ENABLE_OBJC_WEAK = YES;
				CLANG_WARN_BLOCK_CAPTURE_AUTORELEASING = YES;
				CLANG_WARN_BOOL_CONVERSION = YES;
				CLANG_WARN_COMMA = YES;
				CLANG_WARN_CONSTANT_CONVERSION = YES;
				CLANG_WARN_DEPRECATED_OBJC_IMPLEMENTATIONS = YES;
				CLANG_WARN_DIRECT_OBJC_ISA_USAGE = YES_ERROR;
				CLANG_WARN_DOCUMENTATION_COMMENTS = YES;
				CLANG_WARN_EMPTY_BODY = YES;
				CLANG_WARN_ENUM_CONVERSION = YES;
				CLANG_WARN_INFINITE_RECURSION = YES;
				CLANG_WARN_INT_CONVERSION = YES;
				CLANG_WARN_NON_LITERAL_NULL_CONVERSION = YES;
				CLANG_WARN_OBJC_IMPLICIT_RETAIN_SELF = YES;
				CLANG_WARN_OBJC_LITERAL_CONVERSION = YES;
				CLANG_WARN_OBJC_ROOT_CLASS = YES_ERROR;
				CLANG_WARN_RANGE_LOOP_ANALYSIS = YES;
				CLANG_WARN_STRICT_PROTOTYPES = YES;
				CLANG_WARN_SUSPICIOUS_MOVE = YES;
				CLANG_WARN_UNGUARDED_AVAILABILITY = YES_AGGRESSIVE;
				CLANG_WARN_UNREACHABLE_CODE = YES;
				CLANG_WARN__DUPLICATE_METHOD_MATCH = YES;
				COPY_PHASE_STRIP = NO;
				DEBUG_INFORMATION_FORMAT = dwarf;
				ENABLE_STRICT_OBJC_MSGSEND = YES;
				ENABLE_TESTABILITY = YES;
				GCC_C_LANGUAGE_STANDARD = gnu11;
				GCC_DYNAMIC_NO_PIC = NO;
				GCC_NO_COMMON_BLOCKS = YES;
				GCC_OPTIMIZATION_LEVEL = 0;
				GCC_PREPROCESSOR_DEFINITIONS = (
					"DEBUG=1",
					"$(inherited)",
				);
				GCC_WARN_64_TO_32_BIT_CONVERSION = YES;
				GCC_WARN_ABOUT_RETURN_TYPE = YES_ERROR;
				GCC_WARN_UNDECLARED_SELECTOR = YES;
				GCC_WARN_UNINITIALIZED_AUTOS = YES_AGGRESSIVE;
				GCC_WARN_UNUSED_FUNCTION = YES;
				GCC_WARN_UNUSED_VARIABLE = YES;
				IPHONEOS_DEPLOYMENT_TARGET = 13.0;
				MTL_ENABLE_DEBUG_INFO = INCLUDE_SOURCE;
				MTL_FAST_MATH = YES;
				ONLY_ACTIVE_ARCH = YES;
				SDKROOT = iphoneos;
				SWIFT_ACTIVE_COMPILATION_CONDITIONS = DEBUG;
				SWIFT_OPTIMIZATION_LEVEL = "-Onone";
			};
			name = Debug;
		};
		456F37B5233EC06C0047FD18 /* Release */ = {
			isa = XCBuildConfiguration;
			buildSettings = {
				ALWAYS_SEARCH_USER_PATHS = NO;
				CLANG_ANALYZER_NONNULL = YES;
				CLANG_ANALYZER_NUMBER_OBJECT_CONVERSION = YES_AGGRESSIVE;
				CLANG_CXX_LANGUAGE_STANDARD = "gnu++14";
				CLANG_CXX_LIBRARY = "libc++";
				CLANG_ENABLE_MODULES = YES;
				CLANG_ENABLE_OBJC_ARC = YES;
				CLANG_ENABLE_OBJC_WEAK = YES;
				CLANG_WARN_BLOCK_CAPTURE_AUTORELEASING = YES;
				CLANG_WARN_BOOL_CONVERSION = YES;
				CLANG_WARN_COMMA = YES;
				CLANG_WARN_CONSTANT_CONVERSION = YES;
				CLANG_WARN_DEPRECATED_OBJC_IMPLEMENTATIONS = YES;
				CLANG_WARN_DIRECT_OBJC_ISA_USAGE = YES_ERROR;
				CLANG_WARN_DOCUMENTATION_COMMENTS = YES;
				CLANG_WARN_EMPTY_BODY = YES;
				CLANG_WARN_ENUM_CONVERSION = YES;
				CLANG_WARN_INFINITE_RECURSION = YES;
				CLANG_WARN_INT_CONVERSION = YES;
				CLANG_WARN_NON_LITERAL_NULL_CONVERSION = YES;
				CLANG_WARN_OBJC_IMPLICIT_RETAIN_SELF = YES;
				CLANG_WARN_OBJC_LITERAL_CONVERSION = YES;
				CLANG_WARN_OBJC_ROOT_CLASS = YES_ERROR;
				CLANG_WARN_RANGE_LOOP_ANALYSIS = YES;
				CLANG_WARN_STRICT_PROTOTYPES = YES;
				CLANG_WARN_SUSPICIOUS_MOVE = YES;
				CLANG_WARN_UNGUARDED_AVAILABILITY = YES_AGGRESSIVE;
				CLANG_WARN_UNREACHABLE_CODE = YES;
				CLANG_WARN__DUPLICATE_METHOD_MATCH = YES;
				COPY_PHASE_STRIP = NO;
				DEBUG_INFORMATION_FORMAT = "dwarf-with-dsym";
				ENABLE_NS_ASSERTIONS = NO;
				ENABLE_STRICT_OBJC_MSGSEND = YES;
				GCC_C_LANGUAGE_STANDARD = gnu11;
				GCC_NO_COMMON_BLOCKS = YES;
				GCC_WARN_64_TO_32_BIT_CONVERSION = YES;
				GCC_WARN_ABOUT_RETURN_TYPE = YES_ERROR;
				GCC_WARN_UNDECLARED_SELECTOR = YES;
				GCC_WARN_UNINITIALIZED_AUTOS = YES_AGGRESSIVE;
				GCC_WARN_UNUSED_FUNCTION = YES;
				GCC_WARN_UNUSED_VARIABLE = YES;
				IPHONEOS_DEPLOYMENT_TARGET = 13.0;
				MTL_ENABLE_DEBUG_INFO = NO;
				MTL_FAST_MATH = YES;
				SDKROOT = iphoneos;
				SWIFT_COMPILATION_MODE = wholemodule;
				SWIFT_OPTIMIZATION_LEVEL = "-O";
				VALIDATE_PRODUCT = YES;
			};
			name = Release;
		};
		456F37B7233EC06C0047FD18 /* Debug */ = {
			isa = XCBuildConfiguration;
			baseConfigurationReference = B3416CD0D0F1F80A2043F475 /* Pods-GithubSwiftRepos.debug.xcconfig */;
			buildSettings = {
				ASSETCATALOG_COMPILER_APPICON_NAME = AppIcon;
				CODE_SIGN_STYLE = Automatic;
				CURRENT_PROJECT_VERSION = 1;
				DEVELOPMENT_TEAM = RNV6X3S2UF;
				INFOPLIST_FILE = "$(SRCROOT)/GithubSwiftRepos/Resources/Info.plist";
				IPHONEOS_DEPLOYMENT_TARGET = 13.0;
				LD_RUNPATH_SEARCH_PATHS = (
					"$(inherited)",
					"@executable_path/Frameworks",
				);
				MARKETING_VERSION = 1.0;
				PRODUCT_BUNDLE_IDENTIFIER = com.jgbrittos.GithubSwiftRepos;
				PRODUCT_NAME = "$(TARGET_NAME)";
				SWIFT_VERSION = 5.0;
				TARGETED_DEVICE_FAMILY = 1;
			};
			name = Debug;
		};
		456F37B8233EC06C0047FD18 /* Release */ = {
			isa = XCBuildConfiguration;
			baseConfigurationReference = 56B30DE8147589CD56462E03 /* Pods-GithubSwiftRepos.release.xcconfig */;
			buildSettings = {
				ASSETCATALOG_COMPILER_APPICON_NAME = AppIcon;
				CODE_SIGN_STYLE = Automatic;
				CURRENT_PROJECT_VERSION = 1;
				DEVELOPMENT_TEAM = RNV6X3S2UF;
				INFOPLIST_FILE = "$(SRCROOT)/GithubSwiftRepos/Resources/Info.plist";
				IPHONEOS_DEPLOYMENT_TARGET = 13.0;
				LD_RUNPATH_SEARCH_PATHS = (
					"$(inherited)",
					"@executable_path/Frameworks",
				);
				MARKETING_VERSION = 1.0;
				PRODUCT_BUNDLE_IDENTIFIER = com.jgbrittos.GithubSwiftRepos;
				PRODUCT_NAME = "$(TARGET_NAME)";
				SWIFT_VERSION = 5.0;
				TARGETED_DEVICE_FAMILY = 1;
			};
			name = Release;
		};
		456F37BA233EC06C0047FD18 /* Debug */ = {
			isa = XCBuildConfiguration;
			baseConfigurationReference = 0F4D90E76F435E55C35FEC50 /* Pods-GithubSwiftReposTests.debug.xcconfig */;
			buildSettings = {
				ALWAYS_EMBED_SWIFT_STANDARD_LIBRARIES = YES;
				BUNDLE_LOADER = "$(TEST_HOST)";
				CODE_SIGN_STYLE = Automatic;
				DEVELOPMENT_TEAM = RNV6X3S2UF;
				INFOPLIST_FILE = GithubSwiftReposTests/Info.plist;
				IPHONEOS_DEPLOYMENT_TARGET = 13.0;
				LD_RUNPATH_SEARCH_PATHS = (
					"$(inherited)",
					"@executable_path/Frameworks",
					"@loader_path/Frameworks",
				);
				PRODUCT_BUNDLE_IDENTIFIER = com.jgbrittos.GithubSwiftReposTests;
				PRODUCT_NAME = "$(TARGET_NAME)";
				SWIFT_VERSION = 5.0;
				TARGETED_DEVICE_FAMILY = "1,2";
				TEST_HOST = "$(BUILT_PRODUCTS_DIR)/GithubSwiftRepos.app/GithubSwiftRepos";
			};
			name = Debug;
		};
		456F37BB233EC06C0047FD18 /* Release */ = {
			isa = XCBuildConfiguration;
			baseConfigurationReference = F45A2A51BDB5C101F05869E4 /* Pods-GithubSwiftReposTests.release.xcconfig */;
			buildSettings = {
				ALWAYS_EMBED_SWIFT_STANDARD_LIBRARIES = YES;
				BUNDLE_LOADER = "$(TEST_HOST)";
				CODE_SIGN_STYLE = Automatic;
				DEVELOPMENT_TEAM = RNV6X3S2UF;
				INFOPLIST_FILE = GithubSwiftReposTests/Info.plist;
				IPHONEOS_DEPLOYMENT_TARGET = 13.0;
				LD_RUNPATH_SEARCH_PATHS = (
					"$(inherited)",
					"@executable_path/Frameworks",
					"@loader_path/Frameworks",
				);
				PRODUCT_BUNDLE_IDENTIFIER = com.jgbrittos.GithubSwiftReposTests;
				PRODUCT_NAME = "$(TARGET_NAME)";
				SWIFT_VERSION = 5.0;
				TARGETED_DEVICE_FAMILY = "1,2";
				TEST_HOST = "$(BUILT_PRODUCTS_DIR)/GithubSwiftRepos.app/GithubSwiftRepos";
			};
			name = Release;
		};
/* End XCBuildConfiguration section */

/* Begin XCConfigurationList section */
		456F3787233EC06B0047FD18 /* Build configuration list for PBXProject "GithubSwiftRepos" */ = {
			isa = XCConfigurationList;
			buildConfigurations = (
				456F37B4233EC06C0047FD18 /* Debug */,
				456F37B5233EC06C0047FD18 /* Release */,
			);
			defaultConfigurationIsVisible = 0;
			defaultConfigurationName = Release;
		};
		456F37B6233EC06C0047FD18 /* Build configuration list for PBXNativeTarget "GithubSwiftRepos" */ = {
			isa = XCConfigurationList;
			buildConfigurations = (
				456F37B7233EC06C0047FD18 /* Debug */,
				456F37B8233EC06C0047FD18 /* Release */,
			);
			defaultConfigurationIsVisible = 0;
			defaultConfigurationName = Release;
		};
		456F37B9233EC06C0047FD18 /* Build configuration list for PBXNativeTarget "GithubSwiftReposTests" */ = {
			isa = XCConfigurationList;
			buildConfigurations = (
				456F37BA233EC06C0047FD18 /* Debug */,
				456F37BB233EC06C0047FD18 /* Release */,
			);
			defaultConfigurationIsVisible = 0;
			defaultConfigurationName = Release;
		};
/* End XCConfigurationList section */
	};
	rootObject = 456F3784233EC06B0047FD18 /* Project object */;
}
